
Microsoft Visual Studio Solution File, Format Version 12.00
# Visual Studio Version 17
VisualStudioVersion = 17.7.34031.279
MinimumVisualStudioVersion = 10.0.40219.1
Project("{888888A0-9F3D-457C-B088-3A5042F75D52}") = "9", "9\9.pyproj", "{30BC8B76-C378-4B4A-AE76-0A7F6EA9DB74}"
EndProject
Global
	GlobalSection(SolutionConfigurationPlatforms) = preSolution
		Debug|Any CPU = Debug|Any CPU
		Release|Any CPU = Release|Any CPU
	EndGlobalSection
	GlobalSection(ProjectConfigurationPlatforms) = postSolution
		{30BC8B76-C378-4B4A-AE76-0A7F6EA9DB74}.Debug|Any CPU.ActiveCfg = Debug|Any CPU
		{30BC8B76-C378-4B4A-AE76-0A7F6EA9DB74}.Release|Any CPU.ActiveCfg = Release|Any CPU
	EndGlobalSection
	GlobalSection(SolutionProperties) = preSolution
		HideSolutionNode = FALSE
	EndGlobalSection
	GlobalSection(ExtensibilityGlobals) = postSolution
		SolutionGuid = {A2456417-0D08-489B-9C3B-65C9A3A74238}
	EndGlobalSection
EndGlobal
